
Microsoft Visual Studio Solution File, Format Version 12.00
# Visual Studio Version 17
VisualStudioVersion = 17.3.32901.215
MinimumVisualStudioVersion = 10.0.40219.1
Project("{FAE04EC0-301F-11D3-BF4B-00C04F79EFBC}") = "MathTaskClassLibrary2", "MathTaskClassLibrary2\MathTaskClassLibrary2.csproj", "{6239CF3A-F5E1-48E1-BBEA-FB374F2BBA01}"
EndProject
Project("{FAE04EC0-301F-11D3-BF4B-00C04F79EFBC}") = "MathTaskClassLibrary2Tests", "MathTaskClassLibrary2Tests\MathTaskClassLibrary2Tests.csproj", "{A080E3C3-033C-4CDC-80D8-DA347C01EDAA}"
EndProject
Global
	GlobalSection(SolutionConfigurationPlatforms) = preSolution
		Debug|Any CPU = Debug|Any CPU
		Release|Any CPU = Release|Any CPU
	EndGlobalSection
	GlobalSection(ProjectConfigurationPlatforms) = postSolution
		{6239CF3A-F5E1-48E1-BBEA-FB374F2BBA01}.Debug|Any CPU.ActiveCfg = Debug|Any CPU
		{6239CF3A-F5E1-48E1-BBEA-FB374F2BBA01}.Debug|Any CPU.Build.0 = Debug|Any CPU
		{6239CF3A-F5E1-48E1-BBEA-FB374F2BBA01}.Release|Any CPU.ActiveCfg = Release|Any CPU
		{6239CF3A-F5E1-48E1-BBEA-FB374F2BBA01}.Release|Any CPU.Build.0 = Release|Any CPU
		{A080E3C3-033C-4CDC-80D8-DA347C01EDAA}.Debug|Any CPU.ActiveCfg = Debug|Any CPU
		{A080E3C3-033C-4CDC-80D8-DA347C01EDAA}.Debug|Any CPU.Build.0 = Debug|Any CPU
		{A080E3C3-033C-4CDC-80D8-DA347C01EDAA}.Release|Any CPU.ActiveCfg = Release|Any CPU
		{A080E3C3-033C-4CDC-80D8-DA347C01EDAA}.Release|Any CPU.Build.0 = Release|Any CPU
	EndGlobalSection
	GlobalSection(SolutionProperties) = preSolution
		HideSolutionNode = FALSE
	EndGlobalSection
	GlobalSection(ExtensibilityGlobals) = postSolution
		SolutionGuid = {8A230165-F66E-423A-A854-B0F2E2856B7B}
	EndGlobalSection
EndGlobal
